// !$*UTF8*$!
{
	archiveVersion = 1;
	classes = {
	};
	objectVersion = 50;
	objects = {

/* Begin PBXBuildFile section */
		C110327321D9464E009480AF /* TableViewCell.swift in Sources */ = {isa = PBXBuildFile; fileRef = C110327221D9464E009480AF /* TableViewCell.swift */; };
		CF481B0321E12DAD00BDF8A9 /* Network in Resources */ = {isa = PBXBuildFile; fileRef = CF481B0221E12DAD00BDF8A9 /* Network */; };
		D62EDC3B21A348BA00BCFCE2 /* AppDelegate.swift in Sources */ = {isa = PBXBuildFile; fileRef = D62EDC3A21A348BA00BCFCE2 /* AppDelegate.swift */; };
		D62EDC4221A348BD00BCFCE2 /* Assets.xcassets in Resources */ = {isa = PBXBuildFile; fileRef = D62EDC4121A348BD00BCFCE2 /* Assets.xcassets */; };
		D62EDC4521A348BD00BCFCE2 /* LaunchScreen.storyboard in Resources */ = {isa = PBXBuildFile; fileRef = D62EDC4321A348BD00BCFCE2 /* LaunchScreen.storyboard */; };
		D62EDC6021A348D200BCFCE2 /* ConfirmLocationViewController.swift in Sources */ = {isa = PBXBuildFile; fileRef = D62EDC4D21A348D200BCFCE2 /* ConfirmLocationViewController.swift */; };
		D62EDC6121A348D200BCFCE2 /* MapViewController.swift in Sources */ = {isa = PBXBuildFile; fileRef = D62EDC4E21A348D200BCFCE2 /* MapViewController.swift */; };
		D62EDC6221A348D200BCFCE2 /* APIConstants.swift in Sources */ = {isa = PBXBuildFile; fileRef = D62EDC4F21A348D200BCFCE2 /* APIConstants.swift */; };
		D62EDC6321A348D200BCFCE2 /* LocationsData.swift in Sources */ = {isa = PBXBuildFile; fileRef = D62EDC5021A348D200BCFCE2 /* LocationsData.swift */; };
		D62EDC6421A348D200BCFCE2 /* StudentLocation.swift in Sources */ = {isa = PBXBuildFile; fileRef = D62EDC5121A348D200BCFCE2 /* StudentLocation.swift */; };
		D62EDC6821A348D200BCFCE2 /* TableViewController.swift in Sources */ = {isa = PBXBuildFile; fileRef = D62EDC5721A348D200BCFCE2 /* TableViewController.swift */; };
		D62EDC6921A348D200BCFCE2 /* AddLocationViewController.swift in Sources */ = {isa = PBXBuildFile; fileRef = D62EDC5821A348D200BCFCE2 /* AddLocationViewController.swift */; };
		D62EDC6A21A348D200BCFCE2 /* ContainerViewController.swift in Sources */ = {isa = PBXBuildFile; fileRef = D62EDC5921A348D200BCFCE2 /* ContainerViewController.swift */; };
		D62EDC6C21A348D200BCFCE2 /* LogInViewController.swift in Sources */ = {isa = PBXBuildFile; fileRef = D62EDC5B21A348D200BCFCE2 /* LogInViewController.swift */; };
		D62EDC6D21A348D200BCFCE2 /* API.swift in Sources */ = {isa = PBXBuildFile; fileRef = D62EDC5C21A348D200BCFCE2 /* API.swift */; };
		D62EDC6E21A348D200BCFCE2 /* String+Date.swift in Sources */ = {isa = PBXBuildFile; fileRef = D62EDC5D21A348D200BCFCE2 /* String+Date.swift */; };
		D62EDC7221A348E100BCFCE2 /* Main.storyboard in Resources */ = {isa = PBXBuildFile; fileRef = D62EDC7121A348E100BCFCE2 /* Main.storyboard */; };
		D62EDC7A21A4033F00BCFCE2 /* UIViewController+UIResponder.swift in Sources */ = {isa = PBXBuildFile; fileRef = D62EDC7921A4033F00BCFCE2 /* UIViewController+UIResponder.swift */; };
		D6A05A0921D5046C004E35BE /* UserInfo.swift in Sources */ = {isa = PBXBuildFile; fileRef = D6A05A0821D5046C004E35BE /* UserInfo.swift */; };
/* End PBXBuildFile section */

/* Begin PBXFileReference section */
		C110327221D9464E009480AF /* TableViewCell.swift */ = {isa = PBXFileReference; lastKnownFileType = sourcecode.swift; path = TableViewCell.swift; sourceTree = "<group>"; };
		CF481B0221E12DAD00BDF8A9 /* Network */ = {isa = PBXFileReference; lastKnownFileType = folder; name = Network; path = "../../../Downloads/Example12-Solution-2/Example12/Model/Network"; sourceTree = "<group>"; };
		D62EDC3721A348BA00BCFCE2 /* Example12.app */ = {isa = PBXFileReference; explicitFileType = wrapper.application; includeInIndex = 0; path = Example12.app; sourceTree = BUILT_PRODUCTS_DIR; };
		D62EDC3A21A348BA00BCFCE2 /* AppDelegate.swift */ = {isa = PBXFileReference; lastKnownFileType = sourcecode.swift; path = AppDelegate.swift; sourceTree = "<group>"; };
		D62EDC4121A348BD00BCFCE2 /* Assets.xcassets */ = {isa = PBXFileReference; lastKnownFileType = folder.assetcatalog; path = Assets.xcassets; sourceTree = "<group>"; };
		D62EDC4421A348BD00BCFCE2 /* Base */ = {isa = PBXFileReference; lastKnownFileType = file.storyboard; name = Base; path = Base.lproj/LaunchScreen.storyboard; sourceTree = "<group>"; };
		D62EDC4621A348BD00BCFCE2 /* Info.plist */ = {isa = PBXFileReference; lastKnownFileType = text.plist.xml; path = Info.plist; sourceTree = "<group>"; };
		D62EDC4D21A348D200BCFCE2 /* ConfirmLocationViewController.swift */ = {isa = PBXFileReference; fileEncoding = 4; lastKnownFileType = sourcecode.swift; path = ConfirmLocationViewController.swift; sourceTree = "<group>"; };
		D62EDC4E21A348D200BCFCE2 /* MapViewController.swift */ = {isa = PBXFileReference; fileEncoding = 4; lastKnownFileType = sourcecode.swift; path = MapViewController.swift; sourceTree = "<group>"; };
		D62EDC4F21A348D200BCFCE2 /* APIConstants.swift */ = {isa = PBXFileReference; fileEncoding = 4; lastKnownFileType = sourcecode.swift; path = APIConstants.swift; sourceTree = "<group>"; };
		D62EDC5021A348D200BCFCE2 /* LocationsData.swift */ = {isa = PBXFileReference; fileEncoding = 4; lastKnownFileType = sourcecode.swift; path = LocationsData.swift; sourceTree = "<group>"; };
		D62EDC5121A348D200BCFCE2 /* StudentLocation.swift */ = {isa = PBXFileReference; fileEncoding = 4; lastKnownFileType = sourcecode.swift; path = StudentLocation.swift; sourceTree = "<group>"; };
		D62EDC5721A348D200BCFCE2 /* TableViewController.swift */ = {isa = PBXFileReference; fileEncoding = 4; lastKnownFileType = sourcecode.swift; path = TableViewController.swift; sourceTree = "<group>"; };
		D62EDC5821A348D200BCFCE2 /* AddLocationViewController.swift */ = {isa = PBXFileReference; fileEncoding = 4; lastKnownFileType = sourcecode.swift; path = AddLocationViewController.swift; sourceTree = "<group>"; };
		D62EDC5921A348D200BCFCE2 /* ContainerViewController.swift */ = {isa = PBXFileReference; fileEncoding = 4; lastKnownFileType = sourcecode.swift; path = ContainerViewController.swift; sourceTree = "<group>"; };
		D62EDC5B21A348D200BCFCE2 /* LogInViewController.swift */ = {isa = PBXFileReference; fileEncoding = 4; lastKnownFileType = sourcecode.swift; path = LogInViewController.swift; sourceTree = "<group>"; };
		D62EDC5C21A348D200BCFCE2 /* API.swift */ = {isa = PBXFileReference; fileEncoding = 4; lastKnownFileType = sourcecode.swift; path = API.swift; sourceTree = "<group>"; };
		D62EDC5D21A348D200BCFCE2 /* String+Date.swift */ = {isa = PBXFileReference; fileEncoding = 4; lastKnownFileType = sourcecode.swift; path = "String+Date.swift"; sourceTree = "<group>"; };
		D62EDC7121A348E100BCFCE2 /* Main.storyboard */ = {isa = PBXFileReference; fileEncoding = 4; lastKnownFileType = file.storyboard; path = Main.storyboard; sourceTree = "<group>"; };
		D62EDC7921A4033F00BCFCE2 /* UIViewController+UIResponder.swift */ = {isa = PBXFileReference; lastKnownFileType = sourcecode.swift; path = "UIViewController+UIResponder.swift"; sourceTree = "<group>"; };
		D6A05A0821D5046C004E35BE /* UserInfo.swift */ = {isa = PBXFileReference; lastKnownFileType = sourcecode.swift; path = UserInfo.swift; sourceTree = "<group>"; };
/* End PBXFileReference section */

/* Begin PBXFrameworksBuildPhase section */
		D62EDC3421A348BA00BCFCE2 /* Frameworks */ = {
			isa = PBXFrameworksBuildPhase;
			buildActionMask = 2147483647;
			files = (
			);
			runOnlyForDeploymentPostprocessing = 0;
		};
/* End PBXFrameworksBuildPhase section */

/* Begin PBXGroup section */
		D62EDC2E21A348BA00BCFCE2 = {
			isa = PBXGroup;
			children = (
				D62EDC3921A348BA00BCFCE2 /* Example12 */,
				D62EDC3821A348BA00BCFCE2 /* Products */,
			);
			sourceTree = "<group>";
		};
		D62EDC3821A348BA00BCFCE2 /* Products */ = {
			isa = PBXGroup;
			children = (
				D62EDC3721A348BA00BCFCE2 /* Example12.app */,
			);
			name = Products;
			sourceTree = "<group>";
		};
		D62EDC3921A348BA00BCFCE2 /* Example12 */ = {
			isa = PBXGroup;
			children = (
				CF481B0221E12DAD00BDF8A9 /* Network */,
				D62EDC7321A3491500BCFCE2 /* Model */,
				D62EDC7421A3491B00BCFCE2 /* View */,
				D62EDC7521A3491F00BCFCE2 /* Controller */,
				D62EDC3A21A348BA00BCFCE2 /* AppDelegate.swift */,
				D62EDC7121A348E100BCFCE2 /* Main.storyboard */,
				D62EDC4121A348BD00BCFCE2 /* Assets.xcassets */,
				D62EDC4321A348BD00BCFCE2 /* LaunchScreen.storyboard */,
				D62EDC4621A348BD00BCFCE2 /* Info.plist */,
			);
			path = Example12;
			sourceTree = "<group>";
		};
		D62EDC7321A3491500BCFCE2 /* Model */ = {
			isa = PBXGroup;
			children = (
				D62EDC5121A348D200BCFCE2 /* StudentLocation.swift */,
				D62EDC5021A348D200BCFCE2 /* LocationsData.swift */,
				D6A05A0821D5046C004E35BE /* UserInfo.swift */,
				D62EDC7721A3497800BCFCE2 /* Extensions */,
				D62EDC7621A3496C00BCFCE2 /* Network */,
				C110327221D9464E009480AF /* TableViewCell.swift */,
			);
			path = Model;
			sourceTree = "<group>";
		};
		D62EDC7421A3491B00BCFCE2 /* View */ = {
			isa = PBXGroup;
			children = (
			);
			path = View;
			sourceTree = "<group>";
		};
		D62EDC7521A3491F00BCFCE2 /* Controller */ = {
			isa = PBXGroup;
			children = (
				D62EDC5B21A348D200BCFCE2 /* LogInViewController.swift */,
				D62EDC5921A348D200BCFCE2 /* ContainerViewController.swift */,
				D62EDC4E21A348D200BCFCE2 /* MapViewController.swift */,
				D62EDC5721A348D200BCFCE2 /* TableViewController.swift */,
				D62EDC5821A348D200BCFCE2 /* AddLocationViewController.swift */,
				D62EDC4D21A348D200BCFCE2 /* ConfirmLocationViewController.swift */,
			);
			path = Controller;
			sourceTree = "<group>";
		};
		D62EDC7621A3496C00BCFCE2 /* Network */ = {
			isa = PBXGroup;
			children = (
				D62EDC5C21A348D200BCFCE2 /* API.swift */,
				D62EDC4F21A348D200BCFCE2 /* APIConstants.swift */,
			);
			path = Network;
			sourceTree = "<group>";
		};
		D62EDC7721A3497800BCFCE2 /* Extensions */ = {
			isa = PBXGroup;
			children = (
				D62EDC5D21A348D200BCFCE2 /* String+Date.swift */,
				D62EDC7921A4033F00BCFCE2 /* UIViewController+UIResponder.swift */,
			);
			path = Extensions;
			sourceTree = "<group>";
		};
/* End PBXGroup section */

/* Begin PBXNativeTarget section */
		D62EDC3621A348BA00BCFCE2 /* Example12 */ = {
			isa = PBXNativeTarget;
			buildConfigurationList = D62EDC4921A348BD00BCFCE2 /* Build configuration list for PBXNativeTarget "Example12" */;
			buildPhases = (
				D62EDC3321A348BA00BCFCE2 /* Sources */,
				D62EDC3421A348BA00BCFCE2 /* Frameworks */,
				D62EDC3521A348BA00BCFCE2 /* Resources */,
			);
			buildRules = (
			);
			dependencies = (
			);
			name = Example12;
			productName = OnTheMap;
			productReference = D62EDC3721A348BA00BCFCE2 /* Example12.app */;
			productType = "com.apple.product-type.application";
		};
/* End PBXNativeTarget section */

/* Begin PBXProject section */
		D62EDC2F21A348BA00BCFCE2 /* Project object */ = {
			isa = PBXProject;
			attributes = {
				LastSwiftUpdateCheck = 1010;
				LastUpgradeCheck = 1010;
				ORGANIZATIONNAME = "Ammar AlTahhan";
				TargetAttributes = {
					D62EDC3621A348BA00BCFCE2 = {
						CreatedOnToolsVersion = 10.1;
					};
				};
			};
			buildConfigurationList = D62EDC3221A348BA00BCFCE2 /* Build configuration list for PBXProject "Example12" */;
			compatibilityVersion = "Xcode 9.3";
			developmentRegion = en;
			hasScannedForEncodings = 0;
			knownRegions = (
				en,
				Base,
			);
			mainGroup = D62EDC2E21A348BA00BCFCE2;
			productRefGroup = D62EDC3821A348BA00BCFCE2 /* Products */;
			projectDirPath = "";
			projectRoot = "";
			targets = (
				D62EDC3621A348BA00BCFCE2 /* Example12 */,
			);
		};
/* End PBXProject section */

/* Begin PBXResourcesBuildPhase section */
		D62EDC3521A348BA00BCFCE2 /* Resources */ = {
			isa = PBXResourcesBuildPhase;
			buildActionMask = 2147483647;
			files = (
				D62EDC4521A348BD00BCFCE2 /* LaunchScreen.storyboard in Resources */,
				D62EDC7221A348E100BCFCE2 /* Main.storyboard in Resources */,
				D62EDC4221A348BD00BCFCE2 /* Assets.xcassets in Resources */,
				CF481B0321E12DAD00BDF8A9 /* Network in Resources */,
			);
			runOnlyForDeploymentPostprocessing = 0;
		};
/* End PBXResourcesBuildPhase section */

/* Begin PBXSourcesBuildPhase section */
		D62EDC3321A348BA00BCFCE2 /* Sources */ = {
			isa = PBXSourcesBuildPhase;
			buildActionMask = 2147483647;
			files = (
				C110327321D9464E009480AF /* TableViewCell.swift in Sources */,
				D62EDC7A21A4033F00BCFCE2 /* UIViewController+UIResponder.swift in Sources */,
				D62EDC6421A348D200BCFCE2 /* StudentLocation.swift in Sources */,
				D62EDC6221A348D200BCFCE2 /* APIConstants.swift in Sources */,
				D62EDC6E21A348D200BCFCE2 /* String+Date.swift in Sources */,
				D62EDC6C21A348D200BCFCE2 /* LogInViewController.swift in Sources */,
				D62EDC6A21A348D200BCFCE2 /* ContainerViewController.swift in Sources */,
				D62EDC6021A348D200BCFCE2 /* ConfirmLocationViewController.swift in Sources */,
				D62EDC6821A348D200BCFCE2 /* TableViewController.swift in Sources */,
				D62EDC6921A348D200BCFCE2 /* AddLocationViewController.swift in Sources */,
				D62EDC6321A348D200BCFCE2 /* LocationsData.swift in Sources */,
				D62EDC6121A348D200BCFCE2 /* MapViewController.swift in Sources */,
				D62EDC6D21A348D200BCFCE2 /* API.swift in Sources */,
				D6A05A0921D5046C004E35BE /* UserInfo.swift in Sources */,
				D62EDC3B21A348BA00BCFCE2 /* AppDelegate.swift in Sources */,
			);
			runOnlyForDeploymentPostprocessing = 0;
		};
/* End PBXSourcesBuildPhase section */

/* Begin PBXVariantGroup section */
		D62EDC4321A348BD00BCFCE2 /* LaunchScreen.storyboard */ = {
			isa = PBXVariantGroup;
			children = (
				D62EDC4421A348BD00BCFCE2 /* Base */,
			);
			name = LaunchScreen.storyboard;
			sourceTree = "<group>";
		};
/* End PBXVariantGroup section */

/* Begin XCBuildConfiguration section */
		D62EDC4721A348BD00BCFCE2 /* Debug */ = {
			isa = XCBuildConfiguration;
			buildSettings = {
				ALWAYS_SEARCH_USER_PATHS = NO;
				CLANG_ANALYZER_NONNULL = YES;
				CLANG_ANALYZER_NUMBER_OBJECT_CONVERSION = YES_AGGRESSIVE;
				CLANG_CXX_LANGUAGE_STANDARD = "gnu++14";
				CLANG_CXX_LIBRARY = "libc++";
				CLANG_ENABLE_MODULES = YES;
				CLANG_ENABLE_OBJC_ARC = YES;
				CLANG_ENABLE_OBJC_WEAK = YES;
				CLANG_WARN_BLOCK_CAPTURE_AUTORELEASING = YES;
				CLANG_WARN_BOOL_CONVERSION = YES;
				CLANG_WARN_COMMA = YES;
				CLANG_WARN_CONSTANT_CONVERSION = YES;
				CLANG_WARN_DEPRECATED_OBJC_IMPLEMENTATIONS = YES;
				CLANG_WARN_DIRECT_OBJC_ISA_USAGE = YES_ERROR;
				CLANG_WARN_DOCUMENTATION_COMMENTS = YES;
				CLANG_WARN_EMPTY_BODY = YES;
				CLANG_WARN_ENUM_CONVERSION = YES;
				CLANG_WARN_INFINITE_RECURSION = YES;
				CLANG_WARN_INT_CONVERSION = YES;
				CLANG_WARN_NON_LITERAL_NULL_CONVERSION = YES;
				CLANG_WARN_OBJC_IMPLICIT_RETAIN_SELF = YES;
				CLANG_WARN_OBJC_LITERAL_CONVERSION = YES;
				CLANG_WARN_OBJC_ROOT_CLASS = YES_ERROR;
				CLANG_WARN_RANGE_LOOP_ANALYSIS = YES;
				CLANG_WARN_STRICT_PROTOTYPES = YES;
				CLANG_WARN_SUSPICIOUS_MOVE = YES;
				CLANG_WARN_UNGUARDED_AVAILABILITY = YES_AGGRESSIVE;
				CLANG_WARN_UNREACHABLE_CODE = YES;
				CLANG_WARN__DUPLICATE_METHOD_MATCH = YES;
				CODE_SIGN_IDENTITY = "iPhone Developer";
				COPY_PHASE_STRIP = NO;
				DEBUG_INFORMATION_FORMAT = dwarf;
				ENABLE_STRICT_OBJC_MSGSEND = YES;
				ENABLE_TESTABILITY = YES;
				GCC_C_LANGUAGE_STANDARD = gnu11;
				GCC_DYNAMIC_NO_PIC = NO;
				GCC_NO_COMMON_BLOCKS = YES;
				GCC_OPTIMIZATION_LEVEL = 0;
				GCC_PREPROCESSOR_DEFINITIONS = (
					"DEBUG=1",
					"$(inherited)",
				);
				GCC_WARN_64_TO_32_BIT_CONVERSION = YES;
				GCC_WARN_ABOUT_RETURN_TYPE = YES_ERROR;
				GCC_WARN_UNDECLARED_SELECTOR = YES;
				GCC_WARN_UNINITIALIZED_AUTOS = YES_AGGRESSIVE;
				GCC_WARN_UNUSED_FUNCTION = YES;
				GCC_WARN_UNUSED_VARIABLE = YES;
				IPHONEOS_DEPLOYMENT_TARGET = 12.1;
				MTL_ENABLE_DEBUG_INFO = INCLUDE_SOURCE;
				MTL_FAST_MATH = YES;
				ONLY_ACTIVE_ARCH = YES;
				SDKROOT = iphoneos;
				SWIFT_ACTIVE_COMPILATION_CONDITIONS = DEBUG;
				SWIFT_OPTIMIZATION_LEVEL = "-Onone";
			};
			name = Debug;
		};
		D62EDC4821A348BD00BCFCE2 /* Release */ = {
			isa = XCBuildConfiguration;
			buildSettings = {
				ALWAYS_SEARCH_USER_PATHS = NO;
				CLANG_ANALYZER_NONNULL = YES;
				CLANG_ANALYZER_NUMBER_OBJECT_CONVERSION = YES_AGGRESSIVE;
				CLANG_CXX_LANGUAGE_STANDARD = "gnu++14";
				CLANG_CXX_LIBRARY = "libc++";
				CLANG_ENABLE_MODULES = YES;
				CLANG_ENABLE_OBJC_ARC = YES;
				CLANG_ENABLE_OBJC_WEAK = YES;
				CLANG_WARN_BLOCK_CAPTURE_AUTORELEASING = YES;
				CLANG_WARN_BOOL_CONVERSION = YES;
				CLANG_WARN_COMMA = YES;
				CLANG_WARN_CONSTANT_CONVERSION = YES;
				CLANG_WARN_DEPRECATED_OBJC_IMPLEMENTATIONS = YES;
				CLANG_WARN_DIRECT_OBJC_ISA_USAGE = YES_ERROR;
				CLANG_WARN_DOCUMENTATION_COMMENTS = YES;
				CLANG_WARN_EMPTY_BODY = YES;
				CLANG_WARN_ENUM_CONVERSION = YES;
				CLANG_WARN_INFINITE_RECURSION = YES;
				CLANG_WARN_INT_CONVERSION = YES;
				CLANG_WARN_NON_LITERAL_NULL_CONVERSION = YES;
				CLANG_WARN_OBJC_IMPLICIT_RETAIN_SELF = YES;
				CLANG_WARN_OBJC_LITERAL_CONVERSION = YES;
				CLANG_WARN_OBJC_ROOT_CLASS = YES_ERROR;
				CLANG_WARN_RANGE_LOOP_ANALYSIS = YES;
				CLANG_WARN_STRICT_PROTOTYPES = YES;
				CLANG_WARN_SUSPICIOUS_MOVE = YES;
				CLANG_WARN_UNGUARDED_AVAILABILITY = YES_AGGRESSIVE;
				CLANG_WARN_UNREACHABLE_CODE = YES;
				CLANG_WARN__DUPLICATE_METHOD_MATCH = YES;
				CODE_SIGN_IDENTITY = "iPhone Developer";
				COPY_PHASE_STRIP = NO;
				DEBUG_INFORMATION_FORMAT = "dwarf-with-dsym";
				ENABLE_NS_ASSERTIONS = NO;
				ENABLE_STRICT_OBJC_MSGSEND = YES;
				GCC_C_LANGUAGE_STANDARD = gnu11;
				GCC_NO_COMMON_BLOCKS = YES;
				GCC_WARN_64_TO_32_BIT_CONVERSION = YES;
				GCC_WARN_ABOUT_RETURN_TYPE = YES_ERROR;
				GCC_WARN_UNDECLARED_SELECTOR = YES;
				GCC_WARN_UNINITIALIZED_AUTOS = YES_AGGRESSIVE;
				GCC_WARN_UNUSED_FUNCTION = YES;
				GCC_WARN_UNUSED_VARIABLE = YES;
				IPHONEOS_DEPLOYMENT_TARGET = 12.1;
				MTL_ENABLE_DEBUG_INFO = NO;
				MTL_FAST_MATH = YES;
				SDKROOT = iphoneos;
				SWIFT_COMPILATION_MODE = wholemodule;
				SWIFT_OPTIMIZATION_LEVEL = "-O";
				VALIDATE_PRODUCT = YES;
			};
			name = Release;
		};
		D62EDC4A21A348BD00BCFCE2 /* Debug */ = {
			isa = XCBuildConfiguration;
			buildSettings = {
				CODE_SIGN_STYLE = Automatic;
				DEVELOPMENT_TEAM = DK5ZVY5S7H;
				INFOPLIST_FILE = Example12/Info.plist;
				IPHONEOS_DEPLOYMENT_TARGET = 11.0;
				LD_RUNPATH_SEARCH_PATHS = (
					"$(inherited)",
					"@executable_path/Frameworks",
				);
				PRODUCT_BUNDLE_IDENTIFIER = adhwaa.Example12;
				PRODUCT_NAME = "$(TARGET_NAME)";
				SWIFT_VERSION = 4.2;
				TARGETED_DEVICE_FAMILY = "1,2";
			};
			name = Debug;
		};
		D62EDC4B21A348BD00BCFCE2 /* Release */ = {
			isa = XCBuildConfiguration;
			buildSettings = {
				CODE_SIGN_STYLE = Automatic;
				DEVELOPMENT_TEAM = DK5ZVY5S7H;
				INFOPLIST_FILE = Example12/Info.plist;
				IPHONEOS_DEPLOYMENT_TARGET = 11.0;
				LD_RUNPATH_SEARCH_PATHS = (
					"$(inherited)",
					"@executable_path/Frameworks",
				);
				PRODUCT_BUNDLE_IDENTIFIER = adhwaa.Example12;
				PRODUCT_NAME = "$(TARGET_NAME)";
				SWIFT_VERSION = 4.2;
				TARGETED_DEVICE_FAMILY = "1,2";
			};
			name = Release;
		};
/* End XCBuildConfiguration section */

/* Begin XCConfigurationList section */
		D62EDC3221A348BA00BCFCE2 /* Build configuration list for PBXProject "Example12" */ = {
			isa = XCConfigurationList;
			buildConfigurations = (
				D62EDC4721A348BD00BCFCE2 /* Debug */,
				D62EDC4821A348BD00BCFCE2 /* Release */,
			);
			defaultConfigurationIsVisible = 0;
			defaultConfigurationName = Release;
		};
		D62EDC4921A348BD00BCFCE2 /* Build configuration list for PBXNativeTarget "Example12" */ = {
			isa = XCConfigurationList;
			buildConfigurations = (
				D62EDC4A21A348BD00BCFCE2 /* Debug */,
				D62EDC4B21A348BD00BCFCE2 /* Release */,
			);
			defaultConfigurationIsVisible = 0;
			defaultConfigurationName = Release;
		};
/* End XCConfigurationList section */
	};
	rootObject = D62EDC2F21A348BA00BCFCE2 /* Project object */;
}
